
Microsoft Visual Studio Solution File, Format Version 12.00
# Visual Studio Version 16
VisualStudioVersion = 16.0.29230.47
MinimumVisualStudioVersion = 10.0.40219.1
Project("{FAE04EC0-301F-11D3-BF4B-00C04F79EFBC}") = "OS_lab1", "OS_lab1\OS_lab1.csproj", "{E3809957-8444-4B11-842C-FC0FBEFC4F70}"
EndProject
Global
	GlobalSection(SolutionConfigurationPlatforms) = preSolution
		Debug|Any CPU = Debug|Any CPU
		Release|Any CPU = Release|Any CPU
	EndGlobalSection
	GlobalSection(ProjectConfigurationPlatforms) = postSolution
		{E3809957-8444-4B11-842C-FC0FBEFC4F70}.Debug|Any CPU.ActiveCfg = Debug|Any CPU
		{E3809957-8444-4B11-842C-FC0FBEFC4F70}.Debug|Any CPU.Build.0 = Debug|Any CPU
		{E3809957-8444-4B11-842C-FC0FBEFC4F70}.Release|Any CPU.ActiveCfg = Release|Any CPU
		{E3809957-8444-4B11-842C-FC0FBEFC4F70}.Release|Any CPU.Build.0 = Release|Any CPU
	EndGlobalSection
	GlobalSection(SolutionProperties) = preSolution
		HideSolutionNode = FALSE
	EndGlobalSection
	GlobalSection(ExtensibilityGlobals) = postSolution
		SolutionGuid = {E1E9B994-CA7B-4E59-8CDE-1AE99EF05F2C}
	EndGlobalSection
EndGlobal
